
Microsoft Visual Studio Solution File, Format Version 12.00
# Visual Studio 15
VisualStudioVersion = 15.0.28307.779
MinimumVisualStudioVersion = 10.0.40219.1
Project("{FAE04EC0-301F-11D3-BF4B-00C04F79EFBC}") = "ECD安装包", "ECD安装包\ECD安装包.csproj", "{654DE878-098F-4DBC-ACB6-B43EC65AC2AD}"
EndProject
Project("{54435603-DBB4-11D2-8724-00A0C9A8B90C}") = "installer", "ECDCAD注册\ECDCAD注册.vdproj", "{4C0CD1A5-78B7-4726-BC68-9CF28BED21AA}"
EndProject
Global
	GlobalSection(SolutionConfigurationPlatforms) = preSolution
		Debug|Any CPU = Debug|Any CPU
		Release|Any CPU = Release|Any CPU
	EndGlobalSection
	GlobalSection(ProjectConfigurationPlatforms) = postSolution
		{654DE878-098F-4DBC-ACB6-B43EC65AC2AD}.Debug|Any CPU.ActiveCfg = Debug|Any CPU
		{654DE878-098F-4DBC-ACB6-B43EC65AC2AD}.Debug|Any CPU.Build.0 = Debug|Any CPU
		{654DE878-098F-4DBC-ACB6-B43EC65AC2AD}.Release|Any CPU.ActiveCfg = Release|Any CPU
		{654DE878-098F-4DBC-ACB6-B43EC65AC2AD}.Release|Any CPU.Build.0 = Release|Any CPU
		{4C0CD1A5-78B7-4726-BC68-9CF28BED21AA}.Debug|Any CPU.ActiveCfg = Debug
		{4C0CD1A5-78B7-4726-BC68-9CF28BED21AA}.Release|Any CPU.ActiveCfg = Release
	EndGlobalSection
	GlobalSection(SolutionProperties) = preSolution
		HideSolutionNode = FALSE
	EndGlobalSection
	GlobalSection(ExtensibilityGlobals) = postSolution
		SolutionGuid = {4447DDB9-759A-4465-BE86-3D32442E2CCF}
	EndGlobalSection
EndGlobal
